
Microsoft Visual Studio Solution File, Format Version 12.00
# Visual Studio Version 17
VisualStudioVersion = 17.3.32825.248
MinimumVisualStudioVersion = 10.0.40219.1
Project("{FAE04EC0-301F-11D3-BF4B-00C04F79EFBC}") = "Exec2_Stars", "Exec2_Stars\Exec2_Stars.csproj", "{61443CFD-085B-4590-8A11-633E513F368A}"
EndProject
Project("{FAE04EC0-301F-11D3-BF4B-00C04F79EFBC}") = "Exec2_Stars_using_combobox", "..\Exec2_Stars_using_combobox\Exec_Stars_using_combobox\Exec2_Stars_using_combobox.csproj", "{3AA62108-2E6B-44B4-A9C1-67090413449E}"
EndProject
Global
	GlobalSection(SolutionConfigurationPlatforms) = preSolution
		Debug|Any CPU = Debug|Any CPU
		Release|Any CPU = Release|Any CPU
	EndGlobalSection
	GlobalSection(ProjectConfigurationPlatforms) = postSolution
		{61443CFD-085B-4590-8A11-633E513F368A}.Debug|Any CPU.ActiveCfg = Debug|Any CPU
		{61443CFD-085B-4590-8A11-633E513F368A}.Debug|Any CPU.Build.0 = Debug|Any CPU
		{61443CFD-085B-4590-8A11-633E513F368A}.Release|Any CPU.ActiveCfg = Release|Any CPU
		{61443CFD-085B-4590-8A11-633E513F368A}.Release|Any CPU.Build.0 = Release|Any CPU
		{3AA62108-2E6B-44B4-A9C1-67090413449E}.Debug|Any CPU.ActiveCfg = Debug|Any CPU
		{3AA62108-2E6B-44B4-A9C1-67090413449E}.Debug|Any CPU.Build.0 = Debug|Any CPU
		{3AA62108-2E6B-44B4-A9C1-67090413449E}.Release|Any CPU.ActiveCfg = Release|Any CPU
		{3AA62108-2E6B-44B4-A9C1-67090413449E}.Release|Any CPU.Build.0 = Release|Any CPU
	EndGlobalSection
	GlobalSection(SolutionProperties) = preSolution
		HideSolutionNode = FALSE
	EndGlobalSection
	GlobalSection(ExtensibilityGlobals) = postSolution
		SolutionGuid = {2BFB7567-24B9-4F81-AEF5-6920F8298F49}
	EndGlobalSection
EndGlobal
